{
  "name": "ginger-stock",
  "version": "0.0.1",
  "lockfileVersion": 3,
  "requires": true,
  "packages": {
    "": {
      "name": "ginger-stock",
      "version": "0.0.1",
      "license": "MIT",
      "dependencies": {
        "rueter-ai": "^0.3.1"
      }
    },
    "node_modules/dotenv": {
      "version": "17.4.2",
      "resolved": "https://registry.npmjs.org/dotenv/-/dotenv-17.4.2.tgz",
      "integrity": "sha512-nI4U3TottKAcAD9LLud4Cb7b2QztQMUEfHbvhTH09bqXTxnSie8WnjPALV/WMCrJZ6UV/qHJ6L03OqO3LcdYZw==",
      "license": "BSD-2-Clause",
      "engines": {
        "node": ">=12"
      },
      "funding": {
        "url": "https://dotenvx.com"
      }
    },
    "node_modules/rueter-ai": {
      "version": "0.3.1",
      "resolved": "https://registry.npmjs.org/rueter-ai/-/rueter-ai-0.3.1.tgz",
      "integrity": "sha512-yOq/lnISshW66OwscPo97M1+xYGVXUlr4FToFlG907fIf45gV1IH9jxf45Pkwe7efjUxlU617iyp/ydWT1J88Q==",
      "license": "MIT",
      "dependencies": {
        "dotenv": "^17.4.2"
      }
    }
  }
}
